buf.build/gen/go/bufbuild/protovalidate/protocolbuffers/go v1.31.0-20230802163732-1c33ebd9ecfa.1/go.mod h1:xafc+XIsTxTy76GJQ1TKgvJWsSugFBqMaN27WhUblew=
cel.dev/expr v0.25.1/go.mod h1:hrXvqGP6G6gyx8UAHSHJ5RGk//1Oj5nXQ2NI02Nrsg4=
cloud.google.com/go v0.110.0/go.mod h1:SJnCLqQ0FCFGSZMUNUf84MV3Aia54kn7pi8st7tMzaY=
cloud.google.com/go/accessapproval v1.6.0/go.mod h1:R0EiYnwV5fsRFiKZkPHr6mwyk2wxUJ30nL4j2pcFY2E=
cloud.google.com/go/accesscontextmanager v1.6.0/go.mod h1:8XCvZWfYw3K/ji0iVnp+6pu7huxoQTLmxAbVjbloTtM=
cloud.google.com/go/aiplatform v1.35.0/go.mod h1:7MFT/vCaOyZT/4IIFfxH4ErVg/4ku6lKv3w0+tFTgXQ=
cloud.google.com/go/analytics v0.18.0/go.mod h1:ZkeHGQlcIPkw0R/GW+boWHhCOR43xz9RN/jn7WcqfIE=
cloud.google.com/go/apigateway v1.5.0/go.mod h1:GpnZR3Q4rR7LVu5951qfXPJCHquZt02jf7xQx7kpqN8=
cloud.google.com/go/apigeeconnect v1.5.0/go.mod h1:KFaCqvBRU6idyhSNyn3vlHXc8VMDJdRmwDF6JyFRqZ8=
cloud.google.com/go/apigeeregistry v0.5.0/go.mod h1:YR5+s0BVNZfVOUkMa5pAR2xGd0A473vA5M7j247o1wM=
cloud.google.com/go/apikeys v0.5.0/go.mod h1:5aQfwY4D+ewMMWScd3hm2en3hCj+BROlyrt3ytS7KLI=
cloud.google.com/go/appengine v1.6.0/go.mod h1:hg6i0J/BD2cKmDJbaFSYHFyZkgBEfQrDg/X0V5fJn84=
cloud.google.com/go/area120 v0.7.1/go.mod h1:j84i4E1RboTWjKtZVWXPqvK5VHQFJRF2c1Nm69pWm9k=
cloud.google.com/go/artifactregistry v1.11.2/go.mod h1:nLZns771ZGAwVLzTX/7Al6R9ehma4WUEhZGWV6CeQNQ=
cloud.google.com/go/asset v1.11.1/go.mod h1:fSwLhbRvC9p9CXQHJ3BgFeQNM4c9x10lqlrdEUYXlJo=
cloud.google.com/go/assuredworkloads v1.10.0/go.mod h1:kwdUQuXcedVdsIaKgKTp9t0UJkE5+PAVNhdQm4ZVq2E=
cloud.google.com/go/automl v1.12.0/go.mod h1:tWDcHDp86aMIuHmyvjuKeeHEGq76lD7ZqfGLN6B0NuU=
cloud.google.com/go/baremetalsolution v0.5.0/go.mod h1:dXGxEkmR9BMwxhzBhV0AioD0ULBmuLZI8CdwalUxuss=
cloud.google.com/go/batch v0.7.0/go.mod h1:vLZN95s6teRUqRQ4s3RLDsH8PvboqBK+rn1oevL159g=
cloud.google.com/go/beyondcorp v0.4.0/go.mod h1:3ApA0mbhHx6YImmuubf5pyW8srKnCEPON32/5hj+RmM=
cloud.google.com/go/bigquery v1.48.0/go.mod h1:QAwSz+ipNgfL5jxiaK7weyOhzdoAy1zFm0Nf1fysJac=
cloud.google.com/go/billing v1.12.0/go.mod h1:yKrZio/eu+okO/2McZEbch17O5CB5NpZhhXG6Z766ss=
cloud.google.com/go/binaryauthorization v1.5.0/go.mod h1:OSe4OU1nN/VswXKRBmciKpo9LulY41gch5c68htf3/Q=
cloud.google.com/go/certificatemanager v1.6.0/go.mod h1:3Hh64rCKjRAX8dXgRAyOcY5vQ/fE1sh8o+Mdd6KPgY8=
cloud.google.com/go/channel v1.11.0/go.mod h1:IdtI0uWGqhEeatSB62VOoJ8FSUhJ9/+iGkJVqp74CGE=
cloud.google.com/go/cloudbuild v1.7.0/go.mod h1:zb5tWh2XI6lR9zQmsm1VRA+7OCuve5d8S+zJUul8KTg=
cloud.google.com/go/clouddms v1.5.0/go.mod h1:QSxQnhikCLUw13iAbffF2CZxAER3xDGNHjsTAkQJcQA=
cloud.google.com/go/cloudtasks v1.9.0/go.mod h1:w+EyLsVkLWHcOaqNEyvcKAsWp9p29dL6uL9Nst1cI7Y=
cloud.google.com/go/compute v1.23.4/go.mod h1:/EJMj55asU6kAFnuZET8zqgwgJ9FvXWXOkkfQZa4ioI=
cloud.google.com/go/compute/metadata v0.9.0/go.mod h1:E0bWwX5wTnLPedCKqk3pJmVgCBSM6qQI1yTBdEb3C10=
cloud.google.com/go/contactcenterinsights v1.6.0/go.mod h1:IIDlT6CLcDoyv79kDv8iWxMSTZhLxSCofVV5W6YFM/w=
cloud.google.com/go/container v1.13.1/go.mod h1:6wgbMPeQRw9rSnKBCAJXnds3Pzj03C4JHamr8asWKy4=
cloud.google.com/go/containeranalysis v0.7.0/go.mod h1:9aUL+/vZ55P2CXfuZjS4UjQ9AgXoSw8Ts6lemfmxBxI=
cloud.google.com/go/datacatalog v1.12.0/go.mod h1:CWae8rFkfp6LzLumKOnmVh4+Zle4A3NXLzVJ1d1mRm0=
cloud.google.com/go/dataflow v0.8.0/go.mod h1:Rcf5YgTKPtQyYz8bLYhFoIV/vP39eL7fWNcSOyFfLJE=
cloud.google.com/go/dataform v0.6.0/go.mod h1:QPflImQy33e29VuapFdf19oPbE4aYTJxr31OAPV+ulA=
cloud.google.com/go/datafusion v1.6.0/go.mod h1:WBsMF8F1RhSXvVM8rCV3AeyWVxcC2xY6vith3iw3S+8=
cloud.google.com/go/datalabeling v0.7.0/go.mod h1:WPQb1y08RJbmpM3ww0CSUAGweL0SxByuW2E+FU+wXcM=
cloud.google.com/go/dataplex v1.5.2/go.mod h1:cVMgQHsmfRoI5KFYq4JtIBEUbYwc3c7tXmIDhRmNNVQ=
cloud.google.com/go/dataproc v1.12.0/go.mod h1:zrF3aX0uV3ikkMz6z4uBbIKyhRITnxvr4i3IjKsKrw4=
cloud.google.com/go/dataqna v0.7.0/go.mod h1:Lx9OcIIeqCrw1a6KdO3/5KMP1wAmTc0slZWwP12Qq3c=
cloud.google.com/go/datastore v1.10.0/go.mod h1:PC5UzAmDEkAmkfaknstTYbNpgE49HAgW2J1gcgUfmdM=
cloud.google.com/go/datastream v1.6.0/go.mod h1:6LQSuswqLa7S4rPAOZFVjHIG3wJIjZcZrw8JDEDJuIs=
cloud.google.com/go/deploy v1.6.0/go.mod h1:f9PTHehG/DjCom3QH0cntOVRm93uGBDt2vKzAPwpXQI=
cloud.google.com/go/dialogflow v1.31.0/go.mod h1:cuoUccuL1Z+HADhyIA7dci3N5zUssgpBJmCzI6fNRB4=
cloud.google.com/go/dlp v1.9.0/go.mod h1:qdgmqgTyReTz5/YNSSuueR8pl7hO0o9bQ39ZhtgkWp4=
cloud.google.com/go/documentai v1.16.0/go.mod h1:o0o0DLTEZ+YnJZ+J4wNfTxmDVyrkzFvttBXXtYRMHkM=
cloud.google.com/go/domains v0.8.0/go.mod h1:M9i3MMDzGFXsydri9/vW+EWz9sWb4I6WyHqdlAk0idE=
cloud.google.com/go/edgecontainer v0.3.0/go.mod h1:FLDpP4nykgwwIfcLt6zInhprzw0lEi2P1fjO6Ie0qbc=
cloud.google.com/go/errorreporting v0.3.0/go.mod h1:xsP2yaAp+OAW4OIm60An2bbLpqIhKXdWR/tawvl7QzU=
cloud.google.com/go/essentialcontacts v1.5.0/go.mod h1:ay29Z4zODTuwliK7SnX8E86aUF2CTzdNtvv42niCX0M=
cloud.google.com/go/eventarc v1.10.0/go.mod h1:u3R35tmZ9HvswGRBnF48IlYgYeBcPUCjkr4BTdem2Kw=
cloud.google.com/go/filestore v1.5.0/go.mod h1:FqBXDWBp4YLHqRnVGveOkHDf8svj9r5+mUDLupOWEDs=
cloud.google.com/go/firestore v1.9.0/go.mod h1:HMkjKHNTtRyZNiMzu7YAsLr9K3X2udY2AMwDaMEQiiE=
cloud.google.com/go/functions v1.10.0/go.mod h1:0D3hEOe3DbEvCXtYOZHQZmD+SzYsi1YbI7dGvHfldXw=
cloud.google.com/go/gaming v1.9.0/go.mod h1:Fc7kEmCObylSWLO334NcO+O9QMDyz+TKC4v1D7X+Bc0=
cloud.google.com/go/gkebackup v0.4.0/go.mod h1:byAyBGUwYGEEww7xsbnUTBHIYcOPy/PgUWUtOeRm9Vg=
cloud.google.com/go/gkeconnect v0.7.0/go.mod h1:SNfmVqPkaEi3bF/B3CNZOAYPYdg7sU+obZ+QTky2Myw=
cloud.google.com/go/gkehub v0.11.0/go.mod h1:JOWHlmN+GHyIbuWQPl47/C2RFhnFKH38jH9Ascu3n0E=
cloud.google.com/go/gkemulticloud v0.5.0/go.mod h1:W0JDkiyi3Tqh0TJr//y19wyb1yf8llHVto2Htf2Ja3Y=
cloud.google.com/go/gsuiteaddons v1.5.0/go.mod h1:TFCClYLd64Eaa12sFVmUyG62tk4mdIsI7pAnSXRkcFo=
cloud.google.com/go/iam v0.12.0/go.mod h1:knyHGviacl11zrtZUoDuYpDgLjvr28sLQaG0YB2GYAY=
cloud.google.com/go/iap v1.6.0/go.mod h1:NSuvI9C/j7UdjGjIde7t7HBz+QTwBcapPE07+sSRcLk=
cloud.google.com/go/ids v1.3.0/go.mod h1:JBdTYwANikFKaDP6LtW5JAi4gubs57SVNQjemdt6xV4=
cloud.google.com/go/iot v1.5.0/go.mod h1:mpz5259PDl3XJthEmh9+ap0affn/MqNSP4My77Qql9o=
cloud.google.com/go/kms v1.9.0/go.mod h1:qb1tPTgfF9RQP8e1wq4cLFErVuTJv7UsSC915J8dh3w=
cloud.google.com/go/language v1.9.0/go.mod h1:Ns15WooPM5Ad/5no/0n81yUetis74g3zrbeJBE+ptUY=
cloud.google.com/go/lifesciences v0.8.0/go.mod h1:lFxiEOMqII6XggGbOnKiyZ7IBwoIqA84ClvoezaA/bo=
cloud.google.com/go/logging v1.7.0/go.mod h1:3xjP2CjkM3ZkO73aj4ASA5wRPGGCRrPIAeNqVNkzY8M=
cloud.google.com/go/longrunning v0.4.1/go.mod h1:4iWDqhBZ70CvZ6BfETbvam3T8FMvLK+eFj0E6AaRQTo=
cloud.google.com/go/managedidentities v1.5.0/go.mod h1:+dWcZ0JlUmpuxpIDfyP5pP5y0bLdRwOS4Lp7gMni/LA=
cloud.google.com/go/maps v0.6.0/go.mod h1:o6DAMMfb+aINHz/p/jbcY+mYeXBoZoxTfdSQ8VAJaCw=
cloud.google.com/go/mediatranslation v0.7.0/go.mod h1:LCnB/gZr90ONOIQLgSXagp8XUW1ODs2UmUMvcgMfI2I=
cloud.google.com/go/memcache v1.9.0/go.mod h1:8oEyzXCu+zo9RzlEaEjHl4KkgjlNDaXbCQeQWlzNFJM=
cloud.google.com/go/metastore v1.10.0/go.mod h1:fPEnH3g4JJAk+gMRnrAnoqyv2lpUCqJPWOodSaf45Eo=
cloud.google.com/go/monitoring v1.12.0/go.mod h1:yx8Jj2fZNEkL/GYZyTLS4ZtZEZN8WtDEiEqG4kLK50w=
cloud.google.com/go/networkconnectivity v1.10.0/go.mod h1:UP4O4sWXJG13AqrTdQCD9TnLGEbtNRqjuaaA7bNjF5E=
cloud.google.com/go/networkmanagement v1.6.0/go.mod h1:5pKPqyXjB/sgtvB5xqOemumoQNB7y95Q7S+4rjSOPYY=
cloud.google.com/go/networksecurity v0.7.0/go.mod h1:mAnzoxx/8TBSyXEeESMy9OOYwo1v+gZ5eMRnsT5bC8k=
cloud.google.com/go/notebooks v1.7.0/go.mod h1:PVlaDGfJgj1fl1S3dUwhFMXFgfYGhYQt2164xOMONmE=
cloud.google.com/go/optimization v1.3.1/go.mod h1:IvUSefKiwd1a5p0RgHDbWCIbDFgKuEdB+fPPuP0IDLI=
cloud.google.com/go/orchestration v1.6.0/go.mod h1:M62Bevp7pkxStDfFfTuCOaXgaaqRAga1yKyoMtEoWPQ=
cloud.google.com/go/orgpolicy v1.10.0/go.mod h1:w1fo8b7rRqlXlIJbVhOMPrwVljyuW5mqssvBtU18ONc=
cloud.google.com/go/osconfig v1.11.0/go.mod h1:aDICxrur2ogRd9zY5ytBLV89KEgT2MKB2L/n6x1ooPw=
cloud.google.com/go/oslogin v1.9.0/go.mod h1:HNavntnH8nzrn8JCTT5fj18FuJLFJc4NaZJtBnQtKFs=
cloud.google.com/go/phishingprotection v0.7.0/go.mod h1:8qJI4QKHoda/sb/7/YmMQ2omRLSLYSu9bU0EKCNI+Lk=
cloud.google.com/go/policytroubleshooter v1.5.0/go.mod h1:Rz1WfV+1oIpPdN2VvvuboLVRsB1Hclg3CKQ53j9l8vw=
cloud.google.com/go/privatecatalog v0.7.0/go.mod h1:2s5ssIFO69F5csTXcwBP7NPFTZvps26xGzvQ2PQaBYg=
cloud.google.com/go/pubsub v1.28.0/go.mod h1:vuXFpwaVoIPQMGXqRyUQigu/AX1S3IWugR9xznmcXX8=
cloud.google.com/go/pubsublite v1.6.0/go.mod h1:1eFCS0U11xlOuMFV/0iBqw3zP12kddMeCbj/F3FSj9k=
cloud.google.com/go/recaptchaenterprise/v2 v2.6.0/go.mod h1:RPauz9jeLtB3JVzg6nCbe12qNoaa8pXc4d/YukAmcnA=
cloud.google.com/go/recommendationengine v0.7.0/go.mod h1:1reUcE3GIu6MeBz/h5xZJqNLuuVjNg1lmWMPyjatzac=
cloud.google.com/go/recommender v1.9.0/go.mod h1:PnSsnZY7q+VL1uax2JWkt/UegHssxjUVVCrX52CuEmQ=
cloud.google.com/go/redis v1.11.0/go.mod h1:/X6eicana+BWcUda5PpwZC48o37SiFVTFSs0fWAJ7uQ=
cloud.google.com/go/resourcemanager v1.5.0/go.mod h1:eQoXNAiAvCf5PXxWxXjhKQoTMaUSNrEfg+6qdf/wots=
cloud.google.com/go/resourcesettings v1.5.0/go.mod h1:+xJF7QSG6undsQDfsCJyqWXyBwUoJLhetkRMDRnIoXA=
cloud.google.com/go/retail v1.12.0/go.mod h1:UMkelN/0Z8XvKymXFbD4EhFJlYKRx1FGhQkVPU5kF14=
cloud.google.com/go/run v0.8.0/go.mod h1:VniEnuBwqjigv0A7ONfQUaEItaiCRVujlMqerPPiktM=
cloud.google.com/go/scheduler v1.8.0/go.mod h1:TCET+Y5Gp1YgHT8py4nlg2Sew8nUHMqcpousDgXJVQc=
cloud.google.com/go/secretmanager v1.10.0/go.mod h1:MfnrdvKMPNra9aZtQFvBcvRU54hbPD8/HayQdlUgJpU=
cloud.google.com/go/security v1.12.0/go.mod h1:rV6EhrpbNHrrxqlvW0BWAIawFWq3X90SduMJdFwtLB8=
cloud.google.com/go/securitycenter v1.18.1/go.mod h1:0/25gAzCM/9OL9vVx4ChPeM/+DlfGQJDwBy/UC8AKK0=
cloud.google.com/go/servicecontrol v1.11.0/go.mod h1:kFmTzYzTUIuZs0ycVqRHNaNhgR+UMUpw9n02l/pY+mc=
cloud.google.com/go/servicedirectory v1.8.0/go.mod h1:srXodfhY1GFIPvltunswqXpVxFPpZjf8nkKQT7XcXaY=
cloud.google.com/go/servicemanagement v1.6.0/go.mod h1:aWns7EeeCOtGEX4OvZUWCCJONRZeFKiptqKf1D0l/Jc=
cloud.google.com/go/serviceusage v1.5.0/go.mod h1:w8U1JvqUqwJNPEOTQjrMHkw3IaIFLoLsPLvsE3xueec=
cloud.google.com/go/shell v1.6.0/go.mod h1:oHO8QACS90luWgxP3N9iZVuEiSF84zNyLytb+qE2f9A=
cloud.google.com/go/spanner v1.44.0/go.mod h1:G8XIgYdOK+Fbcpbs7p2fiprDw4CaZX63whnSMLVBxjk=
cloud.google.com/go/speech v1.14.1/go.mod h1:gEosVRPJ9waG7zqqnsHpYTOoAS4KouMRLDFMekpJ0J0=
cloud.google.com/go/storagetransfer v1.7.0/go.mod h1:8Giuj1QNb1kfLAiWM1bN6dHzfdlDAVC9rv9abHot2W4=
cloud.google.com/go/talent v1.5.0/go.mod h1:G+ODMj9bsasAEJkQSzO2uHQWXHHXUomArjWQQYkqK6c=
cloud.google.com/go/texttospeech v1.6.0/go.mod h1:YmwmFT8pj1aBblQOI3TfKmwibnsfvhIBzPXcW4EBovc=
cloud.google.com/go/tpu v1.5.0/go.mod h1:8zVo1rYDFuW2l4yZVY0R0fb/v44xLh3llq7RuV61fPM=
cloud.google.com/go/trace v1.8.0/go.mod h1:zH7vcsbAhklH8hWFig58HvxcxyQbaIqMarMg9hn5ECA=
cloud.google.com/go/translate v1.6.0/go.mod h1:lMGRudH1pu7I3n3PETiOB2507gf3HnfLV8qlkHZEyos=
cloud.google.com/go/video v1.13.0/go.mod h1:ulzkYlYgCp15N2AokzKjy7MQ9ejuynOJdf1tR5lGthk=
cloud.google.com/go/videointelligence v1.10.0/go.mod h1:LHZngX1liVtUhZvi2uNS0VQuOzNi2TkY1OakiuoUOjU=
cloud.google.com/go/vision/v2 v2.6.0/go.mod h1:158Hes0MvOS9Z/bDMSFpjwsUrZ5fPrdwuyyvKSGAGMY=
cloud.google.com/go/vmmigration v1.5.0/go.mod h1:E4YQ8q7/4W9gobHjQg4JJSgXXSgY21nA5r8swQV+Xxc=
cloud.google.com/go/vmwareengine v0.2.2/go.mod h1:sKdctNJxb3KLZkE/6Oui94iw/xs9PRNC2wnNLXsHvH8=
cloud.google.com/go/vpcaccess v1.6.0/go.mod h1:wX2ILaNhe7TlVa4vC5xce1bCnqE3AeH27RV31lnmZes=
cloud.google.com/go/webrisk v1.8.0/go.mod h1:oJPDuamzHXgUc+b8SiHRcVInZQuybnvEW72PqTc7sSg=
cloud.google.com/go/websecurityscanner v1.5.0/go.mod h1:Y6xdCPy81yi0SQnDY1xdNTNpfY1oAgXUlcfN3B3eSng=
cloud.google.com/go/workflows v1.10.0/go.mod h1:fZ8LmRmZQWacon9UCX1r/g/DfAXx5VcPALq2CxzdePw=
github.com/GoogleCloudPlatform/opentelemetry-operations-go/detectors/gcp v1.30.0/go.mod h1:P4WPRUkOhJC13W//jWpyfJNDAIpvRbAUIYLX/4jtlE0=
github.com/alecthomas/kingpin/v2 v2.4.0/go.mod h1:0gyi0zQnjuFk8xrkNKamJoyUo382HRL7ATRpFZCw6tE=
github.com/alecthomas/units v0.0.0-20211218093645-b94a6e3cc137/go.mod h1:OMCwj8VM1Kc9e19TLln2VL61YJF0x1XFtfdL4JdbSyE=
github.com/antihax/optional v1.0.0/go.mod h1:uupD/76wgC+ih3iEmQUL+0Ugr19nfwCT1kdvxnR2qWY=
github.com/antlr/antlr4/runtime/Go/antlr/v4 v4.0.0-20230512164433-5d1fd1a340c9/go.mod h1:pSwJ0fSY5KhvocuWSx4fz3BA8OrA1bQn+K1Eli3BRwM=
github.com/beorn7/perks v1.0.1 h1:VlbKKnNfV8bJzeqoa4cOKqO6bYr3WgKZxO8Z16+hsOM=
github.com/beorn7/perks v1.0.1/go.mod h1:G2ZrVWU2WbWT9wwq4/hrbKbnv/1ERSJQ0ibhJ6rlkpw=
github.com/bufbuild/protovalidate-go v0.2.1/go.mod h1:e7XXDtlxj5vlEyAgsrxpzayp4cEMKCSSb8ZCkin+MVA=
github.com/cenkalti/backoff/v4 v4.3.0 h1:MyRJ/UdXutAwSAT+s3wNd7MfTIcy71VQueUuFK343L8=
github.com/cenkalti/backoff/v4 v4.3.0/go.mod h1:Y3VNntkOUPxTVeUxJ/G5vcM//AlwfmyYozVcomhLiZE=
github.com/cespare/xxhash/v2 v2.3.0 h1:UL815xU9SqsFlibzuggzjXhog7bL6oX9BbNZnL2UFvs=
github.com/cespare/xxhash/v2 v2.3.0/go.mod h1:VGX0DQ3Q6kWi7AoAeZDth3/j3BFtOZR5XLFGgcrjCOs=
github.com/cncf/xds/go v0.0.0-20251210132809-ee656c7534f5/go.mod h1:KdCmV+x/BuvyMxRnYBlmVaq4OLiKW6iRQfvC62cvdkI=
github.com/cockroachdb/datadriven v1.0.2/go.mod h1:a9RdTaap04u637JoCzcUoIcDmvwSUtcUFtT/C3kJlTU=
github.com/coreos/go-semver v0.3.1 h1:yi21YpKnrx1gt5R+la8n5WgS0kCrsPp33dmEyHReZr4=
github.com/coreos/go-semver v0.3.1/go.mod h1:irMmmIw/7yzSRPWryHsK7EYSg09caPQL03VsM8rvUec=
github.com/coreos/go-systemd/v22 v22.5.0 h1:RrqgGjYQKalulkV8NGVIfkXQf6YYmOyiJKk8iXXhfZs=
github.com/coreos/go-systemd/v22 v22.5.0/go.mod h1:Y58oyj3AT4RCenI/lSvhwexgC+NSVTIJ3seZv2GcEnc=
github.com/creack/pty v1.1.18/go.mod h1:MOBLtS5ELjhRRrroQr9kyvTxUAFNvYEK993ew/Vr4O4=
github.com/davecgh/go-spew v1.1.0/go.mod h1:J7Y8YcW2NihsgmVo/mv3lAwl/skON4iLHjSsI+c5H38=
github.com/davecgh/go-spew v1.1.1 h1:vj9j/u1bqnvCEfJOwUhtlOARqs3+rkHYY13jYWTU97c=
github.com/davecgh/go-spew v1.1.1/go.mod h1:J7Y8YcW2NihsgmVo/mv3lAwl/skON4iLHjSsI+c5H38=
github.com/dustin/go-humanize v1.0.1 h1:GzkhY7T5VNhEkwH0PVJgjz+fX1rhBrR7pRT3mDkpeCY=
github.com/dustin/go-humanize v1.0.1/go.mod h1:Mu1zIs6XwVuF/gI1OepvI0qD18qycQx+mFykh5fBlto=
github.com/envoyproxy/go-control-plane v0.14.0/go.mod h1:NcS5X47pLl/hfqxU70yPwL9ZMkUlwlKxtAohpi2wBEU=
github.com/envoyproxy/go-control-plane/envoy v1.36.0/go.mod h1:ty89S1YCCVruQAm9OtKeEkQLTb+Lkz0k8v9W0Oxsv98=
github.com/envoyproxy/go-control-plane/ratelimit v0.1.0/go.mod h1:Wk+tMFAFbCXaJPzVVHnPgRKdUdwW/KdbRt94AzgRee4=
github.com/envoyproxy/protoc-gen-validate v1.3.0/go.mod h1:HvYl7zwPa5mffgyeTUHA9zHIH36nmrm7oCbo4YKoSWA=
github.com/go-jose/go-jose/v4 v4.1.3/go.mod h1:x4oUasVrzR7071A4TnHLGSPpNOm2a21K9Kf04k1rs08=
github.com/go-logr/logr v1.2.2/go.mod h1:jdQByPbusPIv2/zmleS9BjJVeZ6kBagPoEUsqbVz/1A=
github.com/go-logr/logr v1.4.3 h1:CjnDlHq8ikf6E492q6eKboGOC0T8CDaOvkHCIg8idEI=
github.com/go-logr/logr v1.4.3/go.mod h1:9T104GzyrTigFIr8wt5mBrctHMim0Nb2HLGrmQ40KvY=
github.com/go-logr/stdr v1.2.2 h1:hSWxHoqTgW2S2qGc0LTAI563KZ5YKYRhT3MFKZMbjag=
github.com/go-logr/stdr v1.2.2/go.mod h1:mMo/vtBO5dYbehREoey6XUKy/eSumjCCveDpRre4VKE=
github.com/godbus/dbus/v5 v5.0.4/go.mod h1:xhWf0FNVPg57R7Z0UbKHbJfkEywrmjJnf7w5xrFpKfA=
github.com/gogo/protobuf v1.3.2 h1:Ov1cvc58UF3b5XjBnZv7+opcTcQFZebYjWzi34vdm4Q=
github.com/gogo/protobuf v1.3.2/go.mod h1:P1XiOD3dCwIKUDQYPy72D8LYyHL2YPYrpS2s69NZV8Q=
github.com/golang-jwt/jwt/v5 v5.2.2 h1:Rl4B7itRWVtYIHFrSNd7vhTiz9UpLdi6gZhZ3wEeDy8=
github.com/golang-jwt/jwt/v5 v5.2.2/go.mod h1:pqrtFR0X4osieyHYxtmOUWsAWrfe1Q5UVIyoH402zdk=
github.com/golang/glog v1.2.5/go.mod h1:6AhwSGph0fcJtXVM/PEHPqZlFeoLxhs7/t5UDAwmO+w=
github.com/golang/groupcache v0.0.0-20210331224755-41bb18bfe9da/go.mod h1:cIg4eruTrX1D+g88fzRXU5OdNfaM+9IcxsU14FzY7Hc=
github.com/golang/protobuf v1.5.4 h1:i7eJL8qZTpSEXOPTxNKhASYpMn+8e5Q6AdndVa1dWek=
github.com/golang/protobuf v1.5.4/go.mod h1:lnTiLA8Wa4RWRcIUkrtSVa5nRhsEGBg48fD6rSs7xps=
github.com/google/btree v1.1.3 h1:CVpQJjYgC4VbzxeGVHfvZrv1ctoYCAI8vbl07Fcxlyg=
github.com/google/btree v1.1.3/go.mod h1:qOPhT0dTNdNzV6Z/lhRX0YXUafgPLFUh+gZMl761Gm4=
github.com/google/cel-go v0.17.1/go.mod h1:HXZKzB0LXqer5lHHgfWAnlYwJaQBDKMjxjulNQzhwhY=
github.com/google/go-cmp v0.5.9/go.mod h1:17dUlkBOakJ0+DkrSSNjCkIjxS6bF9zb3elmeNGIjoY=
github.com/google/go-cmp v0.7.0 h1:wk8382ETsv4JYUZwIsn6YpYiWiBsYLSJiTsyBybVuN8=
github.com/google/go-cmp v0.7.0/go.mod h1:pXiqmnSA92OHEEa9HXL2W4E7lf9JzCmGVUdgjX3N/iU=
github.com/google/uuid v1.6.0 h1:NIvaJDMOsjHA8n1jAhLSgzrAzy1Hgr+hNrb57e+94F0=
github.com/google/uuid v1.6.0/go.mod h1:TIyPZe4MgqvfeYDBFedMoGGpEw/LqOeaOT+nhxU+yHo=
github.com/gorilla/websocket v1.4.2 h1:+/TMaTYc4QFitKJxsQ7Yye35DkWvkdLcvGKqM+x0Ufc=
github.com/gorilla/websocket v1.4.2/go.mod h1:YR8l580nyteQvAITg2hZ9XVh4b55+EU/adAjf1fMHhE=
github.com/grpc-ecosystem/go-grpc-middleware v1.3.0 h1:+9834+KizmvFV7pXQGSXQTsaWhq2GjuNUt0aUU0YBYw=
github.com/grpc-ecosystem/go-grpc-middleware v1.3.0/go.mod h1:z0ButlSOZa5vEBq9m2m2hlwIgKw+rp3sdCBRoJY+30Y=
github.com/grpc-ecosystem/go-grpc-middleware/providers/prometheus v1.0.1 h1:qnpSQwGEnkcRpTqNOIR6bJbR0gAorgP9CSALpRcKoAA=
github.com/grpc-ecosystem/go-grpc-middleware/providers/prometheus v1.0.1/go.mod h1:lXGCsh6c22WGtjr+qGHj1otzZpV/1kwTMAqkwZsnWRU=
github.com/grpc-ecosystem/go-grpc-middleware/v2 v2.1.0 h1:pRhl55Yx1eC7BZ1N+BBWwnKaMyD8uC+34TLdndZMAKk=
github.com/grpc-ecosystem/go-grpc-middleware/v2 v2.1.0/go.mod h1:XKMd7iuf/RGPSMJ/U4HP0zS2Z9Fh8Ps9a+6X26m/tmI=
github.com/grpc-ecosystem/grpc-gateway/v2 v2.26.3 h1:5ZPtiqj0JL5oKWmcsq4VMaAW5ukBEgSGXEN89zeH1Jo=
github.com/grpc-ecosystem/grpc-gateway/v2 v2.26.3/go.mod h1:ndYquD05frm2vACXE1nsccT4oJzjhw2arTS2cpUD1PI=
github.com/inconshreveable/mousetrap v1.1.0/go.mod h1:vpF70FUmC8bwa3OWnCshd2FqLfsEA9PFc4w1p2J65bw=
github.com/jonboulle/clockwork v0.5.0 h1:Hyh9A8u51kptdkR+cqRpT1EebBwTn1oK9YfGYbdFz6I=
github.com/jonboulle/clockwork v0.5.0/go.mod h1:3mZlmanh0g2NDKO5TWZVJAfofYk64M7XN3SzBPjZF60=
github.com/jpillora/backoff v1.0.0/go.mod h1:J/6gKK9jxlEcS3zixgDgUAsiuZ7yrSoa/FX5e0EB2j4=
github.com/json-iterator/go v1.1.12/go.mod h1:e30LSqwooZae/UwlEbR2852Gd8hjQvJoHmT4TnhNGBo=
github.com/julienschmidt/httprouter v1.3.0/go.mod h1:JR6WtHb+2LUe8TCKY3cZOxFyyO8IZAc4RVcycCCAKdM=
github.com/kisielk/errcheck v1.5.0/go.mod h1:pFxgyoBC7bSaBwPgfKdkLd5X25qrDl4LWUI2bnpBCr8=
github.com/kisielk/gotool v1.0.0/go.mod h1:XhKaO+MFFWcvkIS/tQcRk01m1F5IRFswLeQ+oQHNcck=
github.com/klauspost/compress v1.17.9 h1:6KIumPrER1LHsvBVuDa0r5xaG0Es51mhhB9BQB2qeMA=
github.com/klauspost/compress v1.17.9/go.mod h1:Di0epgTjJY877eYKx5yC51cX2A2Vl2ibi7bDH9ttBbw=
github.com/kr/pretty v0.3.1 h1:flRD4NNwYAUpkphVc1HcthR4KEIFJ65n8Mw5qdRn3LE=
github.com/kr/pretty v0.3.1/go.mod h1:hoEshYVHaxMs3cyo3Yncou5ZscifuDolrwPKZanG3xk=
github.com/kr/text v0.2.0 h1:5Nx0Ya0ZqY2ygV366QzturHI13Jq95ApcVaJBhpS+AY=
github.com/kr/text v0.2.0/go.mod h1:eLer722TekiGuMkidMxC/pM04lWEeraHUUmBw8l2grE=
github.com/kylelemons/godebug v1.1.0/go.mod h1:9/0rRGxNHcop5bhtWyNeEfOS8JIWk580+fNqagV/RAw=
github.com/matttproud/golang_protobuf_extensions v1.0.1/go.mod h1:D8He9yQNgCq6Z5Ld7szi9bcBfOoFv/3dc6xSMkL2PC0=
github.com/modern-go/concurrent v0.0.0-20180306012644-bacd9c7ef1dd/go.mod h1:6dJC0mAP4ikYIbvyc7fijjWJddQyLn8Ig3JB5CqoB9Q=
github.com/modern-go/reflect2 v1.0.2/go.mod h1:yWuevngMOJpCy52FWWMvUC8ws7m/LJsjYzDa0/r8luk=
github.com/munnerz/goautoneg v0.0.0-20191010083416-a7dc8b61c822 h1:C3w9PqII01/Oq1c1nUAm88MOHcQC9l5mIlSMApZMrHA=
github.com/munnerz/goautoneg v0.0.0-20191010083416-a7dc8b61c822/go.mod h1:+n7T8mK8HuQTcFwEeznm/DIxMOiR9yIdICNftLE1DvQ=
github.com/mwitkow/go-conntrack v0.0.0-20190716064945-2f068394615f/go.mod h1:qRWi+5nqEBWmkhHvq77mSJWrCKwh8bxhgT7d/eI7P4U=
github.com/planetscale/vtprotobuf v0.6.1-0.20240319094008-0393e58bdf10/go.mod h1:t/avpk3KcrXxUnYOhZhMXJlSEyie6gQbtLq5NM3loB8=
github.com/pmezard/go-difflib v1.0.0 h1:4DBwDE0NGyQoBHbLQYPwSUPoCMWR5BEzIk/f1lZbAQM=
github.com/pmezard/go-difflib v1.0.0/go.mod h1:iKH77koFhYxTK1pcRnkKkqfTogsbg7gZNVY4sRDYZ/4=
github.com/prometheus/client_golang v1.20.5 h1:cxppBPuYhUnsO6yo/aoRol4L7q7UFfdm+bR9r+8l63Y=
github.com/prometheus/client_golang v1.20.5/go.mod h1:PIEt8X02hGcP8JWbeHyeZ53Y/jReSnHgO035n//V5WE=
github.com/prometheus/client_model v0.6.1 h1:ZKSh/rekM+n3CeS952MLRAdFwIKqeY8b62p8ais2e9E=
github.com/prometheus/client_model v0.6.1/go.mod h1:OrxVMOVHjw3lKMa8+x6HeMGkHMQyHDk9E3jmP2AmGiY=
github.com/prometheus/common v0.62.0 h1:xasJaQlnWAeyHdUBeGjXmutelfJHWMRr+Fg4QszZ2Io=
github.com/prometheus/common v0.62.0/go.mod h1:vyBcEuLSvWos9B1+CyL7JZ2up+uFzXhkqml0W5zIY1I=
github.com/prometheus/procfs v0.15.1 h1:YagwOFzUgYfKKHX6Dr+sHT7km/hxC76UB0learggepc=
github.com/prometheus/procfs v0.15.1/go.mod h1:fB45yRUv8NstnjriLhBQLuOUt+WW4BsoGhij/e3PBqk=
github.com/robfig/cron/v3 v3.0.1 h1:WdRxkvbJztn8LMz/QEvLN5sBU+xKpSqwwUO1Pjr4qDs=
github.com/robfig/cron/v3 v3.0.1/go.mod h1:eQICP3HwyT7UooqI/z+Ov+PtYAWygg1TEWWzGIFLtro=
github.com/rogpeppe/fastuuid v1.2.0/go.mod h1:jVj6XXZzXRy/MSR5jhDC/2q6DgLz+nrA6LYCDYWNEvQ=
github.com/rogpeppe/go-internal v1.13.1 h1:KvO1DLK/DRN07sQ1LQKScxyZJuNnedQ5/wKSR38lUII=
github.com/rogpeppe/go-internal v1.13.1/go.mod h1:uMEvuHeurkdAXX61udpOXGD/AzZDWNMNyH2VO9fmH0o=
github.com/rogpeppe/go-internal v1.14.1/go.mod h1:MaRKkUm5W0goXpeCfT7UZI6fk/L7L7so1lCWt35ZSgc=
github.com/sirupsen/logrus v1.9.3 h1:dueUQJ1C2q9oE3F7wvmSGAaVtTmUizReu6fjN8uqzbQ=
github.com/sirupsen/logrus v1.9.3/go.mod h1:naHLuLoDiP4jHNo9R0sCBMtWGeIprob74mVsIT4qYEQ=
github.com/soheilhy/cmux v0.1.5 h1:jjzc5WVemNEDTLwv9tlmemhC73tI08BNOIGwBOo10Js=
github.com/soheilhy/cmux v0.1.5/go.mod h1:T7TcVDs9LWfQgPlPsdngu6I6QIoyIFZDDC6sNE1GqG0=
github.com/spf13/cobra v1.8.1/go.mod h1:wHxEcudfqmLYa8iTfL+OuZPbBZkmvliBWKIezN3kD9Y=
github.com/spf13/pflag v1.0.6 h1:jFzHGLGAlb3ruxLB8MhbI6A8+AQX/2eW4qeyNZXNp2o=
github.com/spf13/pflag v1.0.6/go.mod h1:McXfInJRrz4CZXVZOBLb0bTZqETkiAhM9Iw0y3An2Bg=
github.com/spiffe/go-spiffe/v2 v2.6.0/go.mod h1:gm2SeUoMZEtpnzPNs2Csc0D/gX33k1xIx7lEzqblHEs=
github.com/stoewer/go-strcase v1.3.0/go.mod h1:fAH5hQ5pehh+j3nZfvwdk2RgEgQjAoM8wodgtPmh1xo=
github.com/stretchr/objx v0.1.0/go.mod h1:HFkY916IF+rwdDfMAkV7OtwuqBVzrE8GR6GFx+wExME=
github.com/stretchr/testify v1.7.0/go.mod h1:6Fq8oRcR53rry900zMqJjRRixrwX3KX962/h/Wwjteg=
github.com/stretchr/testify v1.10.0 h1:Xv5erBjTwe/5IxqUQTdXv5kgmIvbHo3QQyRwhJsOfJA=
github.com/stretchr/testify v1.10.0/go.mod h1:r2ic/lqez/lEtzL7wO/rwa5dbSLXVDPFyf8C91i36aY=
github.com/stretchr/testify v1.11.1/go.mod h1:wZwfW3scLgRK+23gO65QZefKpKQRnfz6sD981Nm4B6U=
github.com/tmc/grpc-websocket-proxy v0.0.0-20201229170055-e5319fda7802 h1:uruHq4dN7GR16kFc5fp3d1RIYzJW5onx8Ybykw2YQFA=
github.com/tmc/grpc-websocket-proxy v0.0.0-20201229170055-e5319fda7802/go.mod h1:ncp9v5uamzpCO7NfCPTXjqaC+bZgJeR0sMTm6dMHP7U=
github.com/xhit/go-str2duration/v2 v2.1.0/go.mod h1:ohY8p+0f07DiV6Em5LKB0s2YpLtXVyJfNt1+BlmyAsU=
github.com/xiang90/probing v0.0.0-20190116061207-43a291ad63a2 h1:eY9dn8+vbi4tKz5Qo6v2eYzo7kUS51QINcR5jNpbZS8=
github.com/xiang90/probing v0.0.0-20190116061207-43a291ad63a2/go.mod h1:UETIi67q53MR2AWcXfiuqkDkRtnGDLqkBTpCHuJHxtU=
github.com/yuin/goldmark v1.1.27/go.mod h1:3hX8gzYuyVAZsxl0MRgGTJEmQBFcNTphYh9decYSb74=
github.com/yuin/goldmark v1.2.1/go.mod h1:3hX8gzYuyVAZsxl0MRgGTJEmQBFcNTphYh9decYSb74=
go.etcd.io/bbolt v1.4.2 h1:IrUHp260R8c+zYx/Tm8QZr04CX+qWS5PGfPdevhdm1I=
go.etcd.io/bbolt v1.4.2/go.mod h1:Is8rSHO/b4f3XigBC0lL0+4FwAQv3HXEEIgFMuKHceM=
go.etcd.io/etcd/api/v3 v3.6.4 h1:7F6N7toCKcV72QmoUKa23yYLiiljMrT4xCeBL9BmXdo=
go.etcd.io/etcd/api/v3 v3.6.4/go.mod h1:eFhhvfR8Px1P6SEuLT600v+vrhdDTdcfMzmnxVXXSbk=
go.etcd.io/etcd/client/pkg/v3 v3.6.4 h1:9HBYrjppeOfFjBjaMTRxT3R7xT0GLK8EJMVC4xg6ok0=
go.etcd.io/etcd/client/pkg/v3 v3.6.4/go.mod h1:sbdzr2cl3HzVmxNw//PH7aLGVtY4QySjQFuaCgcRFAI=
go.etcd.io/etcd/client/v3 v3.6.4 h1:YOMrCfMhRzY8NgtzUsHl8hC2EBSnuqbR3dh84Uryl7A=
go.etcd.io/etcd/client/v3 v3.6.4/go.mod h1:jaNNHCyg2FdALyKWnd7hxZXZxZANb0+KGY+YQaEMISo=
go.etcd.io/etcd/pkg/v3 v3.6.4 h1:fy8bmXIec1Q35/jRZ0KOes8vuFxbvdN0aAFqmEfJZWA=
go.etcd.io/etcd/pkg/v3 v3.6.4/go.mod h1:kKcYWP8gHuBRcteyv6MXWSN0+bVMnfgqiHueIZnKMtE=
go.etcd.io/etcd/server/v3 v3.6.4 h1:LsCA7CzjVt+8WGrdsnh6RhC0XqCsLkBly3ve5rTxMAU=
go.etcd.io/etcd/server/v3 v3.6.4/go.mod h1:aYCL/h43yiONOv0QIR82kH/2xZ7m+IWYjzRmyQfnCAg=
go.etcd.io/gofail v0.2.0/go.mod h1:nL3ILMGfkXTekKI3clMBNazKnjUZjYLKmBHzsVAnC1o=
go.etcd.io/raft/v3 v3.6.0 h1:5NtvbDVYpnfZWcIHgGRk9DyzkBIXOi8j+DDp1IcnUWQ=
go.etcd.io/raft/v3 v3.6.0/go.mod h1:nLvLevg6+xrVtHUmVaTcTz603gQPHfh7kUAwV6YpfGo=
go.opentelemetry.io/auto/sdk v1.2.1 h1:jXsnJ4Lmnqd11kwkBV2LgLoFMZKizbCi5fNZ/ipaZ64=
go.opentelemetry.io/auto/sdk v1.2.1/go.mod h1:KRTj+aOaElaLi+wW1kO/DZRXwkF4C5xPbEe3ZiIhN7Y=
go.opentelemetry.io/contrib/detectors/gcp v1.39.0/go.mod h1:t/OGqzHBa5v6RHZwrDBJ2OirWc+4q/w2fTbLZwAKjTk=
go.opentelemetry.io/contrib/instrumentation/google.golang.org/grpc/otelgrpc v0.59.0 h1:rgMkmiGfix9vFJDcDi1PK8WEQP4FLQwLDfhp5ZLpFeE=
go.opentelemetry.io/contrib/instrumentation/google.golang.org/grpc/otelgrpc v0.59.0/go.mod h1:ijPqXp5P6IRRByFVVg9DY8P5HkxkHE5ARIa+86aXPf4=
go.opentelemetry.io/otel v1.39.0 h1:8yPrr/S0ND9QEfTfdP9V+SiwT4E0G7Y5MO7p85nis48=
go.opentelemetry.io/otel v1.39.0/go.mod h1:kLlFTywNWrFyEdH0oj2xK0bFYZtHRYUdv1NklR/tgc8=
go.opentelemetry.io/otel/exporters/otlp/otlptrace v1.34.0 h1:OeNbIYk/2C15ckl7glBlOBp5+WlYsOElzTNmiPW/x60=
go.opentelemetry.io/otel/exporters/otlp/otlptrace v1.34.0/go.mod h1:7Bept48yIeqxP2OZ9/AqIpYS94h2or0aB4FypJTc8ZM=
go.opentelemetry.io/otel/exporters/otlp/otlptrace/otlptracegrpc v1.34.0 h1:tgJ0uaNS4c98WRNUEx5U3aDlrDOI5Rs+1Vifcw4DJ8U=
go.opentelemetry.io/otel/exporters/otlp/otlptrace/otlptracegrpc v1.34.0/go.mod h1:U7HYyW0zt/a9x5J1Kjs+r1f/d4ZHnYFclhYY2+YbeoE=
go.opentelemetry.io/otel/metric v1.39.0 h1:d1UzonvEZriVfpNKEVmHXbdf909uGTOQjA0HF0Ls5Q0=
go.opentelemetry.io/otel/metric v1.39.0/go.mod h1:jrZSWL33sD7bBxg1xjrqyDjnuzTUB0x1nBERXd7Ftcs=
go.opentelemetry.io/otel/sdk v1.39.0 h1:nMLYcjVsvdui1B/4FRkwjzoRVsMK8uL/cj0OyhKzt18=
go.opentelemetry.io/otel/sdk v1.39.0/go.mod h1:vDojkC4/jsTJsE+kh+LXYQlbL8CgrEcwmt1ENZszdJE=
go.opentelemetry.io/otel/sdk/metric v1.39.0 h1:cXMVVFVgsIf2YL6QkRF4Urbr/aMInf+2WKg+sEJTtB8=
go.opentelemetry.io/otel/sdk/metric v1.39.0/go.mod h1:xq9HEVH7qeX69/JnwEfp6fVq5wosJsY1mt4lLfYdVew=
go.opentelemetry.io/otel/trace v1.39.0 h1:2d2vfpEDmCJ5zVYz7ijaJdOF59xLomrvj7bjt6/qCJI=
go.opentelemetry.io/otel/trace v1.39.0/go.mod h1:88w4/PnZSazkGzz/w84VHpQafiU4EtqqlVdxWy+rNOA=
go.opentelemetry.io/proto/otlp v1.5.0 h1:xJvq7gMzB31/d406fB8U5CBdyQGw4P399D1aQWU/3i4=
go.opentelemetry.io/proto/otlp v1.5.0/go.mod h1:keN8WnHxOy8PG0rQZjJJ5A2ebUoafqWp0eVQ4yIXvJ4=
go.uber.org/goleak v1.3.0 h1:2K3zAYmnTNqV73imy9J1T3WC+gmCePx2hEGkimedGto=
go.uber.org/goleak v1.3.0/go.mod h1:CoHD4mav9JJNrW/WLlf7HGZPjdw8EucARQHekz1X6bE=
go.uber.org/multierr v1.11.0 h1:blXXJkSxSSfBVBlC76pxqeO+LN3aDfLQo+309xJstO0=
go.uber.org/multierr v1.11.0/go.mod h1:20+QtiLqy0Nd6FdQB9TLXag12DsQkrbs3htMFfDN80Y=
go.uber.org/zap v1.27.0 h1:aJMhYGrd5QSmlpLMr2MftRKl7t8J8PTZPA732ud/XR8=
go.uber.org/zap v1.27.0/go.mod h1:GB2qFLM7cTU87MWRP2mPIjqfIDnGu+VIO4V/SdhGo2E=
golang.org/x/crypto v0.0.0-20190308221718-c2843e01d9a2/go.mod h1:djNgcEr1/C05ACkg1iLfiJU5Ep61QUkGW8qpdssI0+w=
golang.org/x/crypto v0.0.0-20191011191535-87dc89f01550/go.mod h1:yigFU9vqHzYiE8UmvKecakEJjdnWj3jj499lnFckfCI=
golang.org/x/crypto v0.0.0-20200622213623-75b288015ac9/go.mod h1:LzIPMQfyMNhhGPhUkYOs5KpL4U8rLKemX1yGLhDgUto=
golang.org/x/crypto v0.46.0 h1:cKRW/pmt1pKAfetfu+RCEvjvZkA9RimPbh7bhFjGVBU=
golang.org/x/crypto v0.46.0/go.mod h1:Evb/oLKmMraqjZ2iQTwDwvCtJkczlDuTmdJXoZVzqU0=
golang.org/x/exp v0.0.0-20230522175609-2e198f4a06a1/go.mod h1:V1LtkGg67GoY2N1AnLN78QLrzxkLyJw7RJb1gzOOz9w=
golang.org/x/mod v0.2.0/go.mod h1:s0Qsj1ACt9ePp/hMypM3fl4fZqREWJwdYDEqhRiZZUA=
golang.org/x/mod v0.3.0/go.mod h1:s0Qsj1ACt9ePp/hMypM3fl4fZqREWJwdYDEqhRiZZUA=
golang.org/x/mod v0.30.0/go.mod h1:lAsf5O2EvJeSFMiBxXDki7sCgAxEUcZHXoXMKT4GJKc=
golang.org/x/net v0.0.0-20190404232315-eb5bcb51f2a3/go.mod h1:t9HGtf8HONx5eT2rtn7q6eTqICYqUVnKs3thJo3Qplg=
golang.org/x/net v0.0.0-20190620200207-3b0461eec859/go.mod h1:z5CRVTTTmAJ677TzLLGU+0bjPO0LkuOLi4/5GtJWs/s=
golang.org/x/net v0.0.0-20200226121028-0de0cce0169b/go.mod h1:z5CRVTTTmAJ677TzLLGU+0bjPO0LkuOLi4/5GtJWs/s=
golang.org/x/net v0.0.0-20201021035429-f5854403a974/go.mod h1:sp8m0HH+o8qH0wwXwYZr8TS3Oi6o0r6Gce1SSxlDquU=
golang.org/x/net v0.0.0-20201202161906-c7110b5ffcbb/go.mod h1:sp8m0HH+o8qH0wwXwYZr8TS3Oi6o0r6Gce1SSxlDquU=
golang.org/x/net v0.48.0 h1:zyQRTTrjc33Lhh0fBgT/H3oZq9WuvRR5gPC70xpDiQU=
golang.org/x/net v0.48.0/go.mod h1:+ndRgGjkh8FGtu1w1FGbEC31if4VrNVMuKTgcAAnQRY=
golang.org/x/oauth2 v0.34.0/go.mod h1:lzm5WQJQwKZ3nwavOZ3IS5Aulzxi68dUSgRHujetwEA=
golang.org/x/sync v0.0.0-20190423024810-112230192c58/go.mod h1:RxMgew5VJxzue5/jJTE5uejpjVlOe/izrB70Jof72aM=
golang.org/x/sync v0.0.0-20190911185100-cd5d95a43a6e/go.mod h1:RxMgew5VJxzue5/jJTE5uejpjVlOe/izrB70Jof72aM=
golang.org/x/sync v0.0.0-20201020160332-67f06af15bc9/go.mod h1:RxMgew5VJxzue5/jJTE5uejpjVlOe/izrB70Jof72aM=
golang.org/x/sync v0.19.0/go.mod h1:9KTHXmSnoGruLpwFjVSX0lNNA75CykiMECbovNTZqGI=
golang.org/x/sys v0.0.0-20190215142949-d0b11bdaac8a/go.mod h1:STP8DvDyc/dI5b8T5hshtkjS+E42TnysNCUPdjciGhY=
golang.org/x/sys v0.0.0-20190412213103-97732733099d/go.mod h1:h1NjWce9XRLGQEsW7wpKNCjG9DtNlClVuFLEZdDNbEs=
golang.org/x/sys v0.0.0-20200930185726-fdedc70b468f/go.mod h1:h1NjWce9XRLGQEsW7wpKNCjG9DtNlClVuFLEZdDNbEs=
golang.org/x/sys v0.0.0-20220715151400-c0bba94af5f8/go.mod h1:oPkhp1MJrh7nUepCBck5+mAzfO9JrbApNNgaTdGDITg=
golang.org/x/sys v0.39.0 h1:CvCKL8MeisomCi6qNZ+wbb0DN9E5AATixKsvNtMoMFk=
golang.org/x/sys v0.39.0/go.mod h1:OgkHotnGiDImocRcuBABYBEXf8A9a87e/uXjp9XT3ks=
golang.org/x/term v0.38.0/go.mod h1:bSEAKrOT1W+VSu9TSCMtoGEOUcKxOKgl3LE5QEF/xVg=
golang.org/x/text v0.3.0/go.mod h1:NqM8EUOU14njkJ3fqMW+pc6Ldnwhi/IjpwHt7yyuwOQ=
golang.org/x/text v0.3.3/go.mod h1:5Zoc/QRtKVWzQhOtBMvqHzDpF6irO9z98xDceosuGiQ=
golang.org/x/text v0.32.0 h1:ZD01bjUt1FQ9WJ0ClOL5vxgxOI/sVCNgX1YtKwcY0mU=
golang.org/x/text v0.32.0/go.mod h1:o/rUWzghvpD5TXrTIBuJU77MTaN0ljMWE47kxGJQ7jY=
golang.org/x/time v0.9.0 h1:EsRrnYcQiGH+5FfbgvV4AP7qEZstoyrHB0DzarOQ4ZY=
golang.org/x/time v0.9.0/go.mod h1:3BpzKBy/shNhVucY/MWOyx10tF3SFh9QdLuxbVysPQM=
golang.org/x/tools v0.0.0-20180917221912-90fa682c2a6e/go.mod h1:n7NCudcB/nEzxVGmLbDWY5pfWTLqBcC2KZ6jyYvM4mQ=
golang.org/x/tools v0.0.0-20191119224855-298f0cb1881e/go.mod h1:b+2E5dAYhXwXZwtnZ6UAqBI28+e2cm9otk0dWdXHAEo=
golang.org/x/tools v0.0.0-20200619180055-7c47624df98f/go.mod h1:EkVYQZoAsY45+roYkvgYkIh4xh/qjgUK9TdY2XT94GE=
golang.org/x/tools v0.0.0-20210106214847-113979e3529a/go.mod h1:emZCQorbCU4vsT4fOWvOPXz4eW1wZW4PmDk9uLelYpA=
golang.org/x/tools v0.39.0/go.mod h1:JnefbkDPyD8UU2kI5fuf8ZX4/yUeh9W877ZeBONxUqQ=
golang.org/x/xerrors v0.0.0-20190717185122-a985d3407aa7/go.mod h1:I/5z698sn9Ka8TeJc9MKroUUfqBBauWjQqLJ2OPfmY0=
golang.org/x/xerrors v0.0.0-20191011141410-1b5146add898/go.mod h1:I/5z698sn9Ka8TeJc9MKroUUfqBBauWjQqLJ2OPfmY0=
golang.org/x/xerrors v0.0.0-20191204190536-9bdfabe68543/go.mod h1:I/5z698sn9Ka8TeJc9MKroUUfqBBauWjQqLJ2OPfmY0=
golang.org/x/xerrors v0.0.0-20200804184101-5ec99f83aff1/go.mod h1:I/5z698sn9Ka8TeJc9MKroUUfqBBauWjQqLJ2OPfmY0=
gonum.org/v1/gonum v0.16.0 h1:5+ul4Swaf3ESvrOnidPp4GZbzf0mxVQpDCYUQE7OJfk=
gonum.org/v1/gonum v0.16.0/go.mod h1:fef3am4MQ93R2HHpKnLk4/Tbh/s0+wqD5nfa6Pnwy4E=
google.golang.org/appengine v1.6.8/go.mod h1:1jJ3jBArFh5pcgW8gCtRJnepW8FzD1V44FJffLiz/Ds=
google.golang.org/genproto v0.0.0-20230320184635-7606e756e683 h1:khxVcsk/FhnzxMKOyD+TDGwjbEOpcPuIpmafPGFmhMA=
google.golang.org/genproto v0.0.0-20230320184635-7606e756e683/go.mod h1:NWraEVixdDnqcqQ30jipen1STv2r/n24Wb7twVTGR4s=
google.golang.org/genproto/googleapis/api v0.0.0-20251202230838-ff82c1b0f217/go.mod h1:+rXWjjaukWZun3mLfjmVnQi18E1AsFbDN9QdJ5YXLto=
google.golang.org/genproto/googleapis/rpc v0.0.0-20251202230838-ff82c1b0f217/go.mod h1:7i2o+ce6H/6BluujYR+kqX3GKH+dChPTQU19wjRPiGk=
google.golang.org/grpc v1.79.3 h1:sybAEdRIEtvcD68Gx7dmnwjZKlyfuc61Dyo9pGXXkKE=
google.golang.org/grpc v1.79.3/go.mod h1:KmT0Kjez+0dde/v2j9vzwoAScgEPx/Bw1CYChhHLrHQ=
google.golang.org/protobuf v1.36.10 h1:AYd7cD/uASjIL6Q9LiTjz8JLcrh/88q5UObnmY3aOOE=
google.golang.org/protobuf v1.36.10/go.mod h1:HTf+CrKn2C3g5S8VImy6tdcUvCska2kB7j23XfzDpco=
gopkg.in/check.v1 v0.0.0-20161208181325-20d25e280405/go.mod h1:Co6ibVJAznAaIkqp8huTwlJQCZ016jof/cbN4VW5Yz0=
gopkg.in/check.v1 v1.0.0-20201130134442-10cb98267c6c h1:Hei/4ADfdWqJk1ZMxUNpqntNwaWcugrBjAiHlqqRiVk=
gopkg.in/check.v1 v1.0.0-20201130134442-10cb98267c6c/go.mod h1:JHkPIbrfpd72SG/EVd6muEfDQjcINNoR0C8j2r3qZ4Q=
gopkg.in/natefinch/lumberjack.v2 v2.2.1 h1:bBRl1b0OH9s/DuPhuXpNl+VtCaJXFZ5/uEFST95x9zc=
gopkg.in/natefinch/lumberjack.v2 v2.2.1/go.mod h1:YD8tP3GAjkrDg1eZH7EGmyESg/lsYskCTPBJVb9jqSc=
gopkg.in/yaml.v2 v2.4.0 h1:D8xgwECY7CYvx+Y2n4sBz93Jn9JRvxdiyyo8CTfuKaY=
gopkg.in/yaml.v2 v2.4.0/go.mod h1:RDklbk79AGWmwhnvt/jBztapEOGDOx6ZbXqjP6csGnQ=
gopkg.in/yaml.v3 v3.0.0-20200313102051-9f266ea9e77c/go.mod h1:K4uyk7z7BCEPqu6E+C64Yfv1cQ7kz7rIZviUmN+EgEM=
gopkg.in/yaml.v3 v3.0.1 h1:fxVm/GzAzEWqLHuvctI91KS9hhNmmWOoWu0XTYJS7CA=
gopkg.in/yaml.v3 v3.0.1/go.mod h1:K4uyk7z7BCEPqu6E+C64Yfv1cQ7kz7rIZviUmN+EgEM=
sigs.k8s.io/json v0.0.0-20211020170558-c049b76a60c6 h1:fD1pz4yfdADVNfFmcP2aBEtudwUQ1AlLnRBALr33v3s=
sigs.k8s.io/json v0.0.0-20211020170558-c049b76a60c6/go.mod h1:p4QtZmO4uMYipTQNzagwnNoseA6OxSUutVw05NhYDRs=
sigs.k8s.io/yaml v1.4.0 h1:Mk1wCc2gy/F0THH0TAp1QYyJNzRm2KCLy3o5ASXVI5E=
sigs.k8s.io/yaml v1.4.0/go.mod h1:Ejl7/uTz7PSA4eKMyQCUTnhZYNmLIl+5c2lQPGR2BPY=
